{
  "dependencies": {
    "faye-websocket": {
      "version": "https://github.com/meteor/faye-websocket-node/tarball/fe3910aad92b57d0d5457216fe4ec60f5f7b0295",
      "dependencies": {
        "websocket-driver": {
          "version": "git+https://github.com/faye/websocket-driver-node#042e33aebf53290cd9751275ad5b0cebd78e1c11"
        }
      }
    },
    "sockjs": {
      "version": "0.3.9",
      "dependencies": {
        "node-uuid": {
          "version": "1.3.3"
        },
        "faye-websocket": {
          "version": "0.7.2",
          "dependencies": {
            "websocket-driver": {
              "version": "0.3.6"
            }
          }
        }
      }
    }
  }
}
